// !$*UTF8*$!
{
	archiveVersion = 1;
	classes = {
	};
	objectVersion = 56;
	objects = {

/* Begin PBXBuildFile section */
		B7D51A1A2B4DC2100046CE9B /* AppDelegate.swift in Sources */ = {isa = PBXBuildFile; fileRef = B7D51A192B4DC2100046CE9B /* AppDelegate.swift */; };
		B7D51A1C2B4DC2100046CE9B /* SceneDelegate.swift in Sources */ = {isa = PBXBuildFile; fileRef = B7D51A1B2B4DC2100046CE9B /* SceneDelegate.swift */; };
		B7D51A1E2B4DC2100046CE9B /* ViewController.swift in Sources */ = {isa = PBXBuildFile; fileRef = B7D51A1D2B4DC2100046CE9B /* ViewController.swift */; };
		B7D51A212B4DC2100046CE9B /* Main.storyboard in Resources */ = {isa = PBXBuildFile; fileRef = B7D51A1F2B4DC2100046CE9B /* Main.storyboard */; };
		B7D51A232B4DC2110046CE9B /* Assets.xcassets in Resources */ = {isa = PBXBuildFile; fileRef = B7D51A222B4DC2110046CE9B /* Assets.xcassets */; };
		B7D51A262B4DC2110046CE9B /* LaunchScreen.storyboard in Resources */ = {isa = PBXBuildFile; fileRef = B7D51A242B4DC2110046CE9B /* LaunchScreen.storyboard */; };
		B7D51A312B4DC2110046CE9B /* CalculatorPPTests.swift in Sources */ = {isa = PBXBuildFile; fileRef = B7D51A302B4DC2110046CE9B /* CalculatorPPTests.swift */; };
		B7D51A3B2B4DC2110046CE9B /* CalculatorPPUITests.swift in Sources */ = {isa = PBXBuildFile; fileRef = B7D51A3A2B4DC2110046CE9B /* CalculatorPPUITests.swift */; };
		B7D51A3D2B4DC2110046CE9B /* CalculatorPPUITestsLaunchTests.swift in Sources */ = {isa = PBXBuildFile; fileRef = B7D51A3C2B4DC2110046CE9B /* CalculatorPPUITestsLaunchTests.swift */; };
/* End PBXBuildFile section */

/* Begin PBXContainerItemProxy section */
		B7D51A2D2B4DC2110046CE9B /* PBXContainerItemProxy */ = {
			isa = PBXContainerItemProxy;
			containerPortal = B7D51A0E2B4DC2100046CE9B /* Project object */;
			proxyType = 1;
			remoteGlobalIDString = B7D51A152B4DC2100046CE9B;
			remoteInfo = CalculatorPP;
		};
		B7D51A372B4DC2110046CE9B /* PBXContainerItemProxy */ = {
			isa = PBXContainerItemProxy;
			containerPortal = B7D51A0E2B4DC2100046CE9B /* Project object */;
			proxyType = 1;
			remoteGlobalIDString = B7D51A152B4DC2100046CE9B;
			remoteInfo = CalculatorPP;
		};
/* End PBXContainerItemProxy section */

/* Begin PBXFileReference section */
		B7D51A162B4DC2100046CE9B /* CalculatorPP.app */ = {isa = PBXFileReference; explicitFileType = wrapper.application; includeInIndex = 0; path = CalculatorPP.app; sourceTree = BUILT_PRODUCTS_DIR; };
		B7D51A192B4DC2100046CE9B /* AppDelegate.swift */ = {isa = PBXFileReference; lastKnownFileType = sourcecode.swift; path = AppDelegate.swift; sourceTree = "<group>"; };
		B7D51A1B2B4DC2100046CE9B /* SceneDelegate.swift */ = {isa = PBXFileReference; lastKnownFileType = sourcecode.swift; path = SceneDelegate.swift; sourceTree = "<group>"; };
		B7D51A1D2B4DC2100046CE9B /* ViewController.swift */ = {isa = PBXFileReference; lastKnownFileType = sourcecode.swift; path = ViewController.swift; sourceTree = "<group>"; };
		B7D51A202B4DC2100046CE9B /* Base */ = {isa = PBXFileReference; lastKnownFileType = file.storyboard; name = Base; path = Base.lproj/Main.storyboard; sourceTree = "<group>"; };
		B7D51A222B4DC2110046CE9B /* Assets.xcassets */ = {isa = PBXFileReference; lastKnownFileType = folder.assetcatalog; path = Assets.xcassets; sourceTree = "<group>"; };
		B7D51A252B4DC2110046CE9B /* Base */ = {isa = PBXFileReference; lastKnownFileType = file.storyboard; name = Base; path = Base.lproj/LaunchScreen.storyboard; sourceTree = "<group>"; };
		B7D51A272B4DC2110046CE9B /* Info.plist */ = {isa = PBXFileReference; lastKnownFileType = text.plist.xml; path = Info.plist; sourceTree = "<group>"; };
		B7D51A2C2B4DC2110046CE9B /* CalculatorPPTests.xctest */ = {isa = PBXFileReference; explicitFileType = wrapper.cfbundle; includeInIndex = 0; path = CalculatorPPTests.xctest; sourceTree = BUILT_PRODUCTS_DIR; };
		B7D51A302B4DC2110046CE9B /* CalculatorPPTests.swift */ = {isa = PBXFileReference; lastKnownFileType = sourcecode.swift; path = CalculatorPPTests.swift; sourceTree = "<group>"; };
		B7D51A362B4DC2110046CE9B /* CalculatorPPUITests.xctest */ = {isa = PBXFileReference; explicitFileType = wrapper.cfbundle; includeInIndex = 0; path = CalculatorPPUITests.xctest; sourceTree = BUILT_PRODUCTS_DIR; };
		B7D51A3A2B4DC2110046CE9B /* CalculatorPPUITests.swift */ = {isa = PBXFileReference; lastKnownFileType = sourcecode.swift; path = CalculatorPPUITests.swift; sourceTree = "<group>"; };
		B7D51A3C2B4DC2110046CE9B /* CalculatorPPUITestsLaunchTests.swift */ = {isa = PBXFileReference; lastKnownFileType = sourcecode.swift; path = CalculatorPPUITestsLaunchTests.swift; sourceTree = "<group>"; };
/* End PBXFileReference section */

/* Begin PBXFrameworksBuildPhase section */
		B7D51A132B4DC2100046CE9B /* Frameworks */ = {
			isa = PBXFrameworksBuildPhase;
			buildActionMask = 2147483647;
			files = (
			);
			runOnlyForDeploymentPostprocessing = 0;
		};
		B7D51A292B4DC2110046CE9B /* Frameworks */ = {
			isa = PBXFrameworksBuildPhase;
			buildActionMask = 2147483647;
			files = (
			);
			runOnlyForDeploymentPostprocessing = 0;
		};
		B7D51A332B4DC2110046CE9B /* Frameworks */ = {
			isa = PBXFrameworksBuildPhase;
			buildActionMask = 2147483647;
			files = (
			);
			runOnlyForDeploymentPostprocessing = 0;
		};
/* End PBXFrameworksBuildPhase section */

/* Begin PBXGroup section */
		B7D51A0D2B4DC2100046CE9B = {
			isa = PBXGroup;
			children = (
				B7D51A182B4DC2100046CE9B /* CalculatorPP */,
				B7D51A2F2B4DC2110046CE9B /* CalculatorPPTests */,
				B7D51A392B4DC2110046CE9B /* CalculatorPPUITests */,
				B7D51A172B4DC2100046CE9B /* Products */,
			);
			sourceTree = "<group>";
		};
		B7D51A172B4DC2100046CE9B /* Products */ = {
			isa = PBXGroup;
			children = (
				B7D51A162B4DC2100046CE9B /* CalculatorPP.app */,
				B7D51A2C2B4DC2110046CE9B /* CalculatorPPTests.xctest */,
				B7D51A362B4DC2110046CE9B /* CalculatorPPUITests.xctest */,
			);
			name = Products;
			sourceTree = "<group>";
		};
		B7D51A182B4DC2100046CE9B /* CalculatorPP */ = {
			isa = PBXGroup;
			children = (
				B7D51A192B4DC2100046CE9B /* AppDelegate.swift */,
				B7D51A1B2B4DC2100046CE9B /* SceneDelegate.swift */,
				B7D51A1D2B4DC2100046CE9B /* ViewController.swift */,
				B7D51A1F2B4DC2100046CE9B /* Main.storyboard */,
				B7D51A222B4DC2110046CE9B /* Assets.xcassets */,
				B7D51A242B4DC2110046CE9B /* LaunchScreen.storyboard */,
				B7D51A272B4DC2110046CE9B /* Info.plist */,
			);
			path = CalculatorPP;
			sourceTree = "<group>";
		};
		B7D51A2F2B4DC2110046CE9B /* CalculatorPPTests */ = {
			isa = PBXGroup;
			children = (
				B7D51A302B4DC2110046CE9B /* CalculatorPPTests.swift */,
			);
			path = CalculatorPPTests;
			sourceTree = "<group>";
		};
		B7D51A392B4DC2110046CE9B /* CalculatorPPUITests */ = {
			isa = PBXGroup;
			children = (
				B7D51A3A2B4DC2110046CE9B /* CalculatorPPUITests.swift */,
				B7D51A3C2B4DC2110046CE9B /* CalculatorPPUITestsLaunchTests.swift */,
			);
			path = CalculatorPPUITests;
			sourceTree = "<group>";
		};
/* End PBXGroup section */

/* Begin PBXNativeTarget section */
		B7D51A152B4DC2100046CE9B /* CalculatorPP */ = {
			isa = PBXNativeTarget;
			buildConfigurationList = B7D51A402B4DC2110046CE9B /* Build configuration list for PBXNativeTarget "CalculatorPP" */;
			buildPhases = (
				B7D51A122B4DC2100046CE9B /* Sources */,
				B7D51A132B4DC2100046CE9B /* Frameworks */,
				B7D51A142B4DC2100046CE9B /* Resources */,
			);
			buildRules = (
			);
			dependencies = (
			);
			name = CalculatorPP;
			productName = CalculatorPP;
			productReference = B7D51A162B4DC2100046CE9B /* CalculatorPP.app */;
			productType = "com.apple.product-type.application";
		};
		B7D51A2B2B4DC2110046CE9B /* CalculatorPPTests */ = {
			isa = PBXNativeTarget;
			buildConfigurationList = B7D51A432B4DC2110046CE9B /* Build configuration list for PBXNativeTarget "CalculatorPPTests" */;
			buildPhases = (
				B7D51A282B4DC2110046CE9B /* Sources */,
				B7D51A292B4DC2110046CE9B /* Frameworks */,
				B7D51A2A2B4DC2110046CE9B /* Resources */,
			);
			buildRules = (
			);
			dependencies = (
				B7D51A2E2B4DC2110046CE9B /* PBXTargetDependency */,
			);
			name = CalculatorPPTests;
			productName = CalculatorPPTests;
			productReference = B7D51A2C2B4DC2110046CE9B /* CalculatorPPTests.xctest */;
			productType = "com.apple.product-type.bundle.unit-test";
		};
		B7D51A352B4DC2110046CE9B /* CalculatorPPUITests */ = {
			isa = PBXNativeTarget;
			buildConfigurationList = B7D51A462B4DC2110046CE9B /* Build configuration list for PBXNativeTarget "CalculatorPPUITests" */;
			buildPhases = (
				B7D51A322B4DC2110046CE9B /* Sources */,
				B7D51A332B4DC2110046CE9B /* Frameworks */,
				B7D51A342B4DC2110046CE9B /* Resources */,
			);
			buildRules = (
			);
			dependencies = (
				B7D51A382B4DC2110046CE9B /* PBXTargetDependency */,
			);
			name = CalculatorPPUITests;
			productName = CalculatorPPUITests;
			productReference = B7D51A362B4DC2110046CE9B /* CalculatorPPUITests.xctest */;
			productType = "com.apple.product-type.bundle.ui-testing";
		};
/* End PBXNativeTarget section */

/* Begin PBXProject section */
		B7D51A0E2B4DC2100046CE9B /* Project object */ = {
			isa = PBXProject;
			attributes = {
				BuildIndependentTargetsInParallel = 1;
				LastSwiftUpdateCheck = 1420;
				LastUpgradeCheck = 1420;
				TargetAttributes = {
					B7D51A152B4DC2100046CE9B = {
						CreatedOnToolsVersion = 14.2;
					};
					B7D51A2B2B4DC2110046CE9B = {
						CreatedOnToolsVersion = 14.2;
						TestTargetID = B7D51A152B4DC2100046CE9B;
					};
					B7D51A352B4DC2110046CE9B = {
						CreatedOnToolsVersion = 14.2;
						TestTargetID = B7D51A152B4DC2100046CE9B;
					};
				};
			};
			buildConfigurationList = B7D51A112B4DC2100046CE9B /* Build configuration list for PBXProject "CalculatorPP" */;
			compatibilityVersion = "Xcode 14.0";
			developmentRegion = en;
			hasScannedForEncodings = 0;
			knownRegions = (
				en,
				Base,
			);
			mainGroup = B7D51A0D2B4DC2100046CE9B;
			productRefGroup = B7D51A172B4DC2100046CE9B /* Products */;
			projectDirPath = "";
			projectRoot = "";
			targets = (
				B7D51A152B4DC2100046CE9B /* CalculatorPP */,
				B7D51A2B2B4DC2110046CE9B /* CalculatorPPTests */,
				B7D51A352B4DC2110046CE9B /* CalculatorPPUITests */,
			);
		};
/* End PBXProject section */

/* Begin PBXResourcesBuildPhase section */
		B7D51A142B4DC2100046CE9B /* Resources */ = {
			isa = PBXResourcesBuildPhase;
			buildActionMask = 2147483647;
			files = (
				B7D51A262B4DC2110046CE9B /* LaunchScreen.storyboard in Resources */,
				B7D51A232B4DC2110046CE9B /* Assets.xcassets in Resources */,
				B7D51A212B4DC2100046CE9B /* Main.storyboard in Resources */,
			);
			runOnlyForDeploymentPostprocessing = 0;
		};
		B7D51A2A2B4DC2110046CE9B /* Resources */ = {
			isa = PBXResourcesBuildPhase;
			buildActionMask = 2147483647;
			files = (
			);
			runOnlyForDeploymentPostprocessing = 0;
		};
		B7D51A342B4DC2110046CE9B /* Resources */ = {
			isa = PBXResourcesBuildPhase;
			buildActionMask = 2147483647;
			files = (
			);
			runOnlyForDeploymentPostprocessing = 0;
		};
/* End PBXResourcesBuildPhase section */

/* Begin PBXSourcesBuildPhase section */
		B7D51A122B4DC2100046CE9B /* Sources */ = {
			isa = PBXSourcesBuildPhase;
			buildActionMask = 2147483647;
			files = (
				B7D51A1E2B4DC2100046CE9B /* ViewController.swift in Sources */,
				B7D51A1A2B4DC2100046CE9B /* AppDelegate.swift in Sources */,
				B7D51A1C2B4DC2100046CE9B /* SceneDelegate.swift in Sources */,
			);
			runOnlyForDeploymentPostprocessing = 0;
		};
		B7D51A282B4DC2110046CE9B /* Sources */ = {
			isa = PBXSourcesBuildPhase;
			buildActionMask = 2147483647;
			files = (
				B7D51A312B4DC2110046CE9B /* CalculatorPPTests.swift in Sources */,
			);
			runOnlyForDeploymentPostprocessing = 0;
		};
		B7D51A322B4DC2110046CE9B /* Sources */ = {
			isa = PBXSourcesBuildPhase;
			buildActionMask = 2147483647;
			files = (
				B7D51A3D2B4DC2110046CE9B /* CalculatorPPUITestsLaunchTests.swift in Sources */,
				B7D51A3B2B4DC2110046CE9B /* CalculatorPPUITests.swift in Sources */,
			);
			runOnlyForDeploymentPostprocessing = 0;
		};
/* End PBXSourcesBuildPhase section */

/* Begin PBXTargetDependency section */
		B7D51A2E2B4DC2110046CE9B /* PBXTargetDependency */ = {
			isa = PBXTargetDependency;
			target = B7D51A152B4DC2100046CE9B /* CalculatorPP */;
			targetProxy = B7D51A2D2B4DC2110046CE9B /* PBXContainerItemProxy */;
		};
		B7D51A382B4DC2110046CE9B /* PBXTargetDependency */ = {
			isa = PBXTargetDependency;
			target = B7D51A152B4DC2100046CE9B /* CalculatorPP */;
			targetProxy = B7D51A372B4DC2110046CE9B /* PBXContainerItemProxy */;
		};
/* End PBXTargetDependency section */

/* Begin PBXVariantGroup section */
		B7D51A1F2B4DC2100046CE9B /* Main.storyboard */ = {
			isa = PBXVariantGroup;
			children = (
				B7D51A202B4DC2100046CE9B /* Base */,
			);
			name = Main.storyboard;
			sourceTree = "<group>";
		};
		B7D51A242B4DC2110046CE9B /* LaunchScreen.storyboard */ = {
			isa = PBXVariantGroup;
			children = (
				B7D51A252B4DC2110046CE9B /* Base */,
			);
			name = LaunchScreen.storyboard;
			sourceTree = "<group>";
		};
/* End PBXVariantGroup section */

/* Begin XCBuildConfiguration section */
		B7D51A3E2B4DC2110046CE9B /* Debug */ = {
			isa = XCBuildConfiguration;
			buildSettings = {
				ALWAYS_SEARCH_USER_PATHS = NO;
				CLANG_ANALYZER_NONNULL = YES;
				CLANG_ANALYZER_NUMBER_OBJECT_CONVERSION = YES_AGGRESSIVE;
				CLANG_CXX_LANGUAGE_STANDARD = "gnu++20";
				CLANG_ENABLE_MODULES = YES;
				CLANG_ENABLE_OBJC_ARC = YES;
				CLANG_ENABLE_OBJC_WEAK = YES;
				CLANG_WARN_BLOCK_CAPTURE_AUTORELEASING = YES;
				CLANG_WARN_BOOL_CONVERSION = YES;
				CLANG_WARN_COMMA = YES;
				CLANG_WARN_CONSTANT_CONVERSION = YES;
				CLANG_WARN_DEPRECATED_OBJC_IMPLEMENTATIONS = YES;
				CLANG_WARN_DIRECT_OBJC_ISA_USAGE = YES_ERROR;
				CLANG_WARN_DOCUMENTATION_COMMENTS = YES;
				CLANG_WARN_EMPTY_BODY = YES;
				CLANG_WARN_ENUM_CONVERSION = YES;
				CLANG_WARN_INFINITE_RECURSION = YES;
				CLANG_WARN_INT_CONVERSION = YES;
				CLANG_WARN_NON_LITERAL_NULL_CONVERSION = YES;
				CLANG_WARN_OBJC_IMPLICIT_RETAIN_SELF = YES;
				CLANG_WARN_OBJC_LITERAL_CONVERSION = YES;
				CLANG_WARN_OBJC_ROOT_CLASS = YES_ERROR;
				CLANG_WARN_QUOTED_INCLUDE_IN_FRAMEWORK_HEADER = YES;
				CLANG_WARN_RANGE_LOOP_ANALYSIS = YES;
				CLANG_WARN_STRICT_PROTOTYPES = YES;
				CLANG_WARN_SUSPICIOUS_MOVE = YES;
				CLANG_WARN_UNGUARDED_AVAILABILITY = YES_AGGRESSIVE;
				CLANG_WARN_UNREACHABLE_CODE = YES;
				CLANG_WARN__DUPLICATE_METHOD_MATCH = YES;
				COPY_PHASE_STRIP = NO;
				DEBUG_INFORMATION_FORMAT = dwarf;
				ENABLE_STRICT_OBJC_MSGSEND = YES;
				ENABLE_TESTABILITY = YES;
				GCC_C_LANGUAGE_STANDARD = gnu11;
				GCC_DYNAMIC_NO_PIC = NO;
				GCC_NO_COMMON_BLOCKS = YES;
				GCC_OPTIMIZATION_LEVEL = 0;
				GCC_PREPROCESSOR_DEFINITIONS = (
					"DEBUG=1",
					"$(inherited)",
				);
				GCC_WARN_64_TO_32_BIT_CONVERSION = YES;
				GCC_WARN_ABOUT_RETURN_TYPE = YES_ERROR;
				GCC_WARN_UNDECLARED_SELECTOR = YES;
				GCC_WARN_UNINITIALIZED_AUTOS = YES_AGGRESSIVE;
				GCC_WARN_UNUSED_FUNCTION = YES;
				GCC_WARN_UNUSED_VARIABLE = YES;
				IPHONEOS_DEPLOYMENT_TARGET = 16.2;
				MTL_ENABLE_DEBUG_INFO = INCLUDE_SOURCE;
				MTL_FAST_MATH = YES;
				ONLY_ACTIVE_ARCH = YES;
				SDKROOT = iphoneos;
				SWIFT_ACTIVE_COMPILATION_CONDITIONS = DEBUG;
				SWIFT_OPTIMIZATION_LEVEL = "-Onone";
			};
			name = Debug;
		};
		B7D51A3F2B4DC2110046CE9B /* Release */ = {
			isa = XCBuildConfiguration;
			buildSettings = {
				ALWAYS_SEARCH_USER_PATHS = NO;
				CLANG_ANALYZER_NONNULL = YES;
				CLANG_ANALYZER_NUMBER_OBJECT_CONVERSION = YES_AGGRESSIVE;
				CLANG_CXX_LANGUAGE_STANDARD = "gnu++20";
				CLANG_ENABLE_MODULES = YES;
				CLANG_ENABLE_OBJC_ARC = YES;
				CLANG_ENABLE_OBJC_WEAK = YES;
				CLANG_WARN_BLOCK_CAPTURE_AUTORELEASING = YES;
				CLANG_WARN_BOOL_CONVERSION = YES;
				CLANG_WARN_COMMA = YES;
				CLANG_WARN_CONSTANT_CONVERSION = YES;
				CLANG_WARN_DEPRECATED_OBJC_IMPLEMENTATIONS = YES;
				CLANG_WARN_DIRECT_OBJC_ISA_USAGE = YES_ERROR;
				CLANG_WARN_DOCUMENTATION_COMMENTS = YES;
				CLANG_WARN_EMPTY_BODY = YES;
				CLANG_WARN_ENUM_CONVERSION = YES;
				CLANG_WARN_INFINITE_RECURSION = YES;
				CLANG_WARN_INT_CONVERSION = YES;
				CLANG_WARN_NON_LITERAL_NULL_CONVERSION = YES;
				CLANG_WARN_OBJC_IMPLICIT_RETAIN_SELF = YES;
				CLANG_WARN_OBJC_LITERAL_CONVERSION = YES;
				CLANG_WARN_OBJC_ROOT_CLASS = YES_ERROR;
				CLANG_WARN_QUOTED_INCLUDE_IN_FRAMEWORK_HEADER = YES;
				CLANG_WARN_RANGE_LOOP_ANALYSIS = YES;
				CLANG_WARN_STRICT_PROTOTYPES = YES;
				CLANG_WARN_SUSPICIOUS_MOVE = YES;
				CLANG_WARN_UNGUARDED_AVAILABILITY = YES_AGGRESSIVE;
				CLANG_WARN_UNREACHABLE_CODE = YES;
				CLANG_WARN__DUPLICATE_METHOD_MATCH = YES;
				COPY_PHASE_STRIP = NO;
				DEBUG_INFORMATION_FORMAT = "dwarf-with-dsym";
				ENABLE_NS_ASSERTIONS = NO;
				ENABLE_STRICT_OBJC_MSGSEND = YES;
				GCC_C_LANGUAGE_STANDARD = gnu11;
				GCC_NO_COMMON_BLOCKS = YES;
				GCC_WARN_64_TO_32_BIT_CONVERSION = YES;
				GCC_WARN_ABOUT_RETURN_TYPE = YES_ERROR;
				GCC_WARN_UNDECLARED_SELECTOR = YES;
				GCC_WARN_UNINITIALIZED_AUTOS = YES_AGGRESSIVE;
				GCC_WARN_UNUSED_FUNCTION = YES;
				GCC_WARN_UNUSED_VARIABLE = YES;
				IPHONEOS_DEPLOYMENT_TARGET = 16.2;
				MTL_ENABLE_DEBUG_INFO = NO;
				MTL_FAST_MATH = YES;
				SDKROOT = iphoneos;
				SWIFT_COMPILATION_MODE = wholemodule;
				SWIFT_OPTIMIZATION_LEVEL = "-O";
				VALIDATE_PRODUCT = YES;
			};
			name = Release;
		};
		B7D51A412B4DC2110046CE9B /* Debug */ = {
			isa = XCBuildConfiguration;
			buildSettings = {
				ASSETCATALOG_COMPILER_APPICON_NAME = AppIcon;
				ASSETCATALOG_COMPILER_GLOBAL_ACCENT_COLOR_NAME = AccentColor;
				CODE_SIGN_STYLE = Automatic;
				CURRENT_PROJECT_VERSION = 1;
				GENERATE_INFOPLIST_FILE = YES;
				INFOPLIST_FILE = CalculatorPP/Info.plist;
				INFOPLIST_KEY_UIApplicationSupportsIndirectInputEvents = YES;
				INFOPLIST_KEY_UILaunchStoryboardName = LaunchScreen;
				INFOPLIST_KEY_UIMainStoryboardFile = Main;
				INFOPLIST_KEY_UISupportedInterfaceOrientations_iPad = "UIInterfaceOrientationPortrait UIInterfaceOrientationPortraitUpsideDown UIInterfaceOrientationLandscapeLeft UIInterfaceOrientationLandscapeRight";
				INFOPLIST_KEY_UISupportedInterfaceOrientations_iPhone = "UIInterfaceOrientationPortrait UIInterfaceOrientationLandscapeLeft UIInterfaceOrientationLandscapeRight";
				LD_RUNPATH_SEARCH_PATHS = (
					"$(inherited)",
					"@executable_path/Frameworks",
				);
				MARKETING_VERSION = 1.0;
				PRODUCT_BUNDLE_IDENTIFIER = lacrimosa.CalculatorPP;
				PRODUCT_NAME = "$(TARGET_NAME)";
				SWIFT_EMIT_LOC_STRINGS = YES;
				SWIFT_VERSION = 5.0;
				TARGETED_DEVICE_FAMILY = "1,2";
			};
			name = Debug;
		};
		B7D51A422B4DC2110046CE9B /* Release */ = {
			isa = XCBuildConfiguration;
			buildSettings = {
				ASSETCATALOG_COMPILER_APPICON_NAME = AppIcon;
				ASSETCATALOG_COMPILER_GLOBAL_ACCENT_COLOR_NAME = AccentColor;
				CODE_SIGN_STYLE = Automatic;
				CURRENT_PROJECT_VERSION = 1;
				GENERATE_INFOPLIST_FILE = YES;
				INFOPLIST_FILE = CalculatorPP/Info.plist;
				INFOPLIST_KEY_UIApplicationSupportsIndirectInputEvents = YES;
				INFOPLIST_KEY_UILaunchStoryboardName = LaunchScreen;
				INFOPLIST_KEY_UIMainStoryboardFile = Main;
				INFOPLIST_KEY_UISupportedInterfaceOrientations_iPad = "UIInterfaceOrientationPortrait UIInterfaceOrientationPortraitUpsideDown UIInterfaceOrientationLandscapeLeft UIInterfaceOrientationLandscapeRight";
				INFOPLIST_KEY_UISupportedInterfaceOrientations_iPhone = "UIInterfaceOrientationPortrait UIInterfaceOrientationLandscapeLeft UIInterfaceOrientationLandscapeRight";
				LD_RUNPATH_SEARCH_PATHS = (
					"$(inherited)",
					"@executable_path/Frameworks",
				);
				MARKETING_VERSION = 1.0;
				PRODUCT_BUNDLE_IDENTIFIER = lacrimosa.CalculatorPP;
				PRODUCT_NAME = "$(TARGET_NAME)";
				SWIFT_EMIT_LOC_STRINGS = YES;
				SWIFT_VERSION = 5.0;
				TARGETED_DEVICE_FAMILY = "1,2";
			};
			name = Release;
		};
		B7D51A442B4DC2110046CE9B /* Debug */ = {
			isa = XCBuildConfiguration;
			buildSettings = {
				ALWAYS_EMBED_SWIFT_STANDARD_LIBRARIES = YES;
				BUNDLE_LOADER = "$(TEST_HOST)";
				CODE_SIGN_STYLE = Automatic;
				CURRENT_PROJECT_VERSION = 1;
				GENERATE_INFOPLIST_FILE = YES;
				IPHONEOS_DEPLOYMENT_TARGET = 16.2;
				MARKETING_VERSION = 1.0;
				PRODUCT_BUNDLE_IDENTIFIER = lacrimosa.CalculatorPPTests;
				PRODUCT_NAME = "$(TARGET_NAME)";
				SWIFT_EMIT_LOC_STRINGS = NO;
				SWIFT_VERSION = 5.0;
				TARGETED_DEVICE_FAMILY = "1,2";
				TEST_HOST = "$(BUILT_PRODUCTS_DIR)/CalculatorPP.app/$(BUNDLE_EXECUTABLE_FOLDER_PATH)/CalculatorPP";
			};
			name = Debug;
		};
		B7D51A452B4DC2110046CE9B /* Release */ = {
			isa = XCBuildConfiguration;
			buildSettings = {
				ALWAYS_EMBED_SWIFT_STANDARD_LIBRARIES = YES;
				BUNDLE_LOADER = "$(TEST_HOST)";
				CODE_SIGN_STYLE = Automatic;
				CURRENT_PROJECT_VERSION = 1;
				GENERATE_INFOPLIST_FILE = YES;
				IPHONEOS_DEPLOYMENT_TARGET = 16.2;
				MARKETING_VERSION = 1.0;
				PRODUCT_BUNDLE_IDENTIFIER = lacrimosa.CalculatorPPTests;
				PRODUCT_NAME = "$(TARGET_NAME)";
				SWIFT_EMIT_LOC_STRINGS = NO;
				SWIFT_VERSION = 5.0;
				TARGETED_DEVICE_FAMILY = "1,2";
				TEST_HOST = "$(BUILT_PRODUCTS_DIR)/CalculatorPP.app/$(BUNDLE_EXECUTABLE_FOLDER_PATH)/CalculatorPP";
			};
			name = Release;
		};
		B7D51A472B4DC2110046CE9B /* Debug */ = {
			isa = XCBuildConfiguration;
			buildSettings = {
				ALWAYS_EMBED_SWIFT_STANDARD_LIBRARIES = YES;
				CODE_SIGN_STYLE = Automatic;
				CURRENT_PROJECT_VERSION = 1;
				GENERATE_INFOPLIST_FILE = YES;
				MARKETING_VERSION = 1.0;
				PRODUCT_BUNDLE_IDENTIFIER = lacrimosa.CalculatorPPUITests;
				PRODUCT_NAME = "$(TARGET_NAME)";
				SWIFT_EMIT_LOC_STRINGS = NO;
				SWIFT_VERSION = 5.0;
				TARGETED_DEVICE_FAMILY = "1,2";
				TEST_TARGET_NAME = CalculatorPP;
			};
			name = Debug;
		};
		B7D51A482B4DC2110046CE9B /* Release */ = {
			isa = XCBuildConfiguration;
			buildSettings = {
				ALWAYS_EMBED_SWIFT_STANDARD_LIBRARIES = YES;
				CODE_SIGN_STYLE = Automatic;
				CURRENT_PROJECT_VERSION = 1;
				GENERATE_INFOPLIST_FILE = YES;
				MARKETING_VERSION = 1.0;
				PRODUCT_BUNDLE_IDENTIFIER = lacrimosa.CalculatorPPUITests;
				PRODUCT_NAME = "$(TARGET_NAME)";
				SWIFT_EMIT_LOC_STRINGS = NO;
				SWIFT_VERSION = 5.0;
				TARGETED_DEVICE_FAMILY = "1,2";
				TEST_TARGET_NAME = CalculatorPP;
			};
			name = Release;
		};
/* End XCBuildConfiguration section */

/* Begin XCConfigurationList section */
		B7D51A112B4DC2100046CE9B /* Build configuration list for PBXProject "CalculatorPP" */ = {
			isa = XCConfigurationList;
			buildConfigurations = (
				B7D51A3E2B4DC2110046CE9B /* Debug */,
				B7D51A3F2B4DC2110046CE9B /* Release */,
			);
			defaultConfigurationIsVisible = 0;
			defaultConfigurationName = Release;
		};
		B7D51A402B4DC2110046CE9B /* Build configuration list for PBXNativeTarget "CalculatorPP" */ = {
			isa = XCConfigurationList;
			buildConfigurations = (
				B7D51A412B4DC2110046CE9B /* Debug */,
				B7D51A422B4DC2110046CE9B /* Release */,
			);
			defaultConfigurationIsVisible = 0;
			defaultConfigurationName = Release;
		};
		B7D51A432B4DC2110046CE9B /* Build configuration list for PBXNativeTarget "CalculatorPPTests" */ = {
			isa = XCConfigurationList;
			buildConfigurations = (
				B7D51A442B4DC2110046CE9B /* Debug */,
				B7D51A452B4DC2110046CE9B /* Release */,
			);
			defaultConfigurationIsVisible = 0;
			defaultConfigurationName = Release;
		};
		B7D51A462B4DC2110046CE9B /* Build configuration list for PBXNativeTarget "CalculatorPPUITests" */ = {
			isa = XCConfigurationList;
			buildConfigurations = (
				B7D51A472B4DC2110046CE9B /* Debug */,
				B7D51A482B4DC2110046CE9B /* Release */,
			);
			defaultConfigurationIsVisible = 0;
			defaultConfigurationName = Release;
		};
/* End XCConfigurationList section */
	};
	rootObject = B7D51A0E2B4DC2100046CE9B /* Project object */;
}
